{
  "version": 4,
  "terraform_version": "1.1.5",
  "serial": 46,
  "lineage": "72bcf67f-29af-c5a7-6fea-e7cdef5dc956",
  "outputs": {},
  "resources": [
    {
      "mode": "managed",
      "type": "google_compute_global_address",
      "name": "lokalsi-front-ingress-static-ip",
      "provider": "provider[\"registry.terraform.io/hashicorp/google\"]",
      "instances": [
        {
          "schema_version": 0,
          "attributes": {
            "address": "34.117.241.64",
            "address_type": "EXTERNAL",
            "creation_timestamp": "2021-12-31T09:14:46.219-08:00",
            "description": "",
            "id": "projects/lokalsi-336415/global/addresses/lokalsi-front-ingress-static-ip",
            "ip_version": "IPV4",
            "name": "lokalsi-front-ingress-static-ip",
            "network": "",
            "prefix_length": 0,
            "project": "lokalsi-336415",
            "purpose": "",
            "self_link": "https://www.googleapis.com/compute/v1/projects/lokalsi-336415/global/addresses/lokalsi-front-ingress-static-ip",
            "timeouts": {
              "create": null,
              "delete": null
            }
          },
          "sensitive_attributes": [],
          "private": "eyJlMmJmYjczMC1lY2FhLTExZTYtOGY4OC0zNDM2M2JjN2M0YzAiOnsiY3JlYXRlIjoxMjAwMDAwMDAwMDAwLCJkZWxldGUiOjEyMDAwMDAwMDAwMDB9LCJzY2hlbWFfdmVyc2lvbiI6IjAifQ=="
        }
      ]
    },
    {
      "mode": "managed",
      "type": "google_compute_network",
      "name": "lokalsi-vpc-network",
      "provider": "provider[\"registry.terraform.io/hashicorp/google\"]",
      "instances": [
        {
          "schema_version": 0,
          "attributes": {
            "auto_create_subnetworks": true,
            "delete_default_routes_on_create": false,
            "description": "Default network for the project",
            "gateway_ipv4": "",
            "id": "projects/lokalsi-336415/global/networks/default",
            "mtu": 0,
            "name": "default",
            "project": "lokalsi-336415",
            "routing_mode": "REGIONAL",
            "self_link": "https://www.googleapis.com/compute/v1/projects/lokalsi-336415/global/networks/default",
            "timeouts": {
              "create": null,
              "delete": null,
              "update": null
            }
          },
          "sensitive_attributes": [],
          "private": "eyJlMmJmYjczMC1lY2FhLTExZTYtOGY4OC0zNDM2M2JjN2M0YzAiOnsiY3JlYXRlIjoxMjAwMDAwMDAwMDAwLCJkZWxldGUiOjEyMDAwMDAwMDAwMDAsInVwZGF0ZSI6MTIwMDAwMDAwMDAwMH0sInNjaGVtYV92ZXJzaW9uIjoiMCJ9"
        }
      ]
    },
    {
      "mode": "managed",
      "type": "google_container_cluster",
      "name": "lokalsi-cluster",
      "provider": "provider[\"registry.terraform.io/hashicorp/google\"]",
      "instances": [
        {
          "schema_version": 1,
          "attributes": {
            "addons_config": [
              {
                "cloudrun_config": [],
                "gcp_filestore_csi_driver_config": [
                  {
                    "enabled": true
                  }
                ],
                "horizontal_pod_autoscaling": [
                  {
                    "disabled": false
                  }
                ],
                "http_load_balancing": [
                  {
                    "disabled": false
                  }
                ],
                "network_policy_config": [
                  {
                    "disabled": true
                  }
                ]
              }
            ],
            "authenticator_groups_config": [
              {
                "security_group": ""
              }
            ],
            "cluster_autoscaling": [
              {
                "auto_provisioning_defaults": [
                  {
                    "image_type": "COS_CONTAINERD",
                    "oauth_scopes": [
                      "https://www.googleapis.com/auth/devstorage.read_only",
                      "https://www.googleapis.com/auth/logging.write",
                      "https://www.googleapis.com/auth/monitoring",
                      "https://www.googleapis.com/auth/service.management.readonly",
                      "https://www.googleapis.com/auth/servicecontrol",
                      "https://www.googleapis.com/auth/trace.append"
                    ],
                    "service_account": "default"
                  }
                ],
                "enabled": true,
                "resource_limits": [
                  {
                    "maximum": 1000000000,
                    "minimum": 0,
                    "resource_type": "cpu"
                  },
                  {
                    "maximum": 1000000000,
                    "minimum": 0,
                    "resource_type": "memory"
                  }
                ]
              }
            ],
            "cluster_ipv4_cidr": "10.8.0.0/17",
            "confidential_nodes": [],
            "database_encryption": [
              {
                "key_name": "",
                "state": "DECRYPTED"
              }
            ],
            "datapath_provider": "",
            "default_max_pods_per_node": 110,
            "default_snat_status": [
              {
                "disabled": false
              }
            ],
            "description": "",
            "dns_config": [],
            "enable_autopilot": true,
            "enable_binary_authorization": false,
            "enable_intranode_visibility": true,
            "enable_kubernetes_alpha": false,
            "enable_legacy_abac": false,
            "enable_shielded_nodes": true,
            "enable_tpu": false,
            "endpoint": "34.118.62.145",
            "id": "projects/lokalsi-336415/locations/europe-central2/clusters/lokalsi-cluster-1",
            "initial_node_count": 0,
            "ip_allocation_policy": [
              {
                "cluster_ipv4_cidr_block": "10.8.0.0/17",
                "cluster_secondary_range_name": "gke-lokalsi-cluster-1-pods-4bf1761f",
                "services_ipv4_cidr_block": "10.8.128.0/22",
                "services_secondary_range_name": "gke-lokalsi-cluster-1-services-4bf1761f"
              }
            ],
            "label_fingerprint": "a9dc16a7",
            "location": "europe-central2",
            "logging_config": [
              {
                "enable_components": [
                  "SYSTEM_COMPONENTS",
                  "WORKLOADS"
                ]
              }
            ],
            "logging_service": "logging.googleapis.com/kubernetes",
            "maintenance_policy": [],
            "master_auth": [
              {
                "client_certificate": "",
                "client_certificate_config": [
                  {
                    "issue_client_certificate": false
                  }
                ],
                "client_key": "",
                "cluster_ca_certificate": "LS0tLS1CRUdJTiBDRVJUSUZJQ0FURS0tLS0tCk1JSUVMVENDQXBXZ0F3SUJBZ0lSQU1RN2Q2UGpKZ0wwSmhOVG50Q1ROME13RFFZSktvWklodmNOQVFFTEJRQXcKTHpFdE1Dc0dBMVVFQXhNa1lUVTVOelJpTUdJdFlUTXdNeTAwTnpNeExUbGpZVGt0WkdKaE5EVm1NV1V4T0RNNApNQ0FYRFRJeE1USXlPREUyTWpFeU1Gb1lEekl3TlRFeE1qSXhNVGN5TVRJd1dqQXZNUzB3S3dZRFZRUURFeVJoCk5UazNOR0l3WWkxaE16QXpMVFEzTXpFdE9XTmhPUzFrWW1FME5XWXhaVEU0TXpnd2dnR2lNQTBHQ1NxR1NJYjMKRFFFQkFRVUFBNElCandBd2dnR0tBb0lCZ1FDc2VPYnRGSW5EWGpmV0xRWWs4NEdBS0NqMzYrSk54VWVtK004egpPM1hTdmxDZmYxRmQyQ1BkOXpCUU1hK0JDZFV3aVlkYUlvb0wvWGJqOHl5QmM3TldVVE5GQ2haQXIrVVJxaWt4CmpYdmNML0JsRDJ1dVovQkN6Y0FhQzgrMzBka1I1d1Npb2dIZ3NUNFEwMkdRdExjeW9OYW9pN3gxdENsSklHOUMKV1AvRGg1dnMvVWxWbzF1MEJwQTRaK0x5QXg1b3lRY1UvVHBwaWpqUVA0SzhXVEdJSmFsaVRqdGhweFo2V1h0NQo2Sk95R2phUk9pZ1ZZamlMUWo5eEtkRUdSNHFTK2FGVmhFR2Q5ejNZMnc4RDVJRTlQK21QZFBxYnhGallZZHNaCjVDSUNFVTVVNElYdzZja3FKK3oyNkxONUtzRm5JZzBOTGQrOThzTHFqUmlsdllBMWZRUjNQRXlOZkpxR1NIV20KazRrWFU2ZEJZTVdSU3NJeHlDelFST2ZVNTlmOW5yWkZGNE9HZzVaNXlVZktVYzhzK25naTZDbEJERzF1bW5legpqa1N0TzNRREpadDhOSURFcnlVcHlFV05HZXFTcVhiaEE1YWsvWnd4T09jSUlja0NheDlYZHMyZTFhajE4TFhQCkx0bklyOHZlTDNmT2NBNGdrQlR2WXlnMVB2a0NBd0VBQWFOQ01FQXdEZ1lEVlIwUEFRSC9CQVFEQWdJRU1BOEcKQTFVZEV3RUIvd1FGTUFNQkFmOHdIUVlEVlIwT0JCWUVGSk85ODNXL0tyYVNRR0ZYbG1IUkJOZEloektnTUEwRwpDU3FHU0liM0RRRUJDd1VBQTRJQmdRQ29qZ2I5TWRoeUxNb0hJdWdEQTd5clZEbTR2V2VZQW15alFOWDdUVWtHClJoMytIcDAyWGxpaWtuU1N2RWlqMmphQ3M0VXFqVUwvSHpmdzNIOWR1WE5STlp3c3paSWZpTVBmcEkzOFU1NU0KQTdHUE9FL0YxQ3dDRmRzL2dSOS9HL1BUbmpiRUhLMjdnTmt3YVhOQnd5bW5MZjFqTzE3eGNYSHZtWXBBc0FLYgp0RVJEVmNwcGNyczRNbDFWS3loNTA1Q2NmUTM4bk1HU2hFVjMrcDhJdnEyd2xUUk5xTmdvNmplQm02SHV0OWpUCmdubkhpejNNV0xEWHhiaWJxcm1naE9mdlJTTk5zaXc5a01obXhoaDloc1ZGNHBTbDhSdnlLS0E1L1gydmFCR3MKbEdRQXhDU1p1UFNxWlJPVThqVXJYa2tvVjZuMXk3WXhzWXJKT3Z3ZVlUbWdLMG1PR3hBMkxZWmJQVlF0TWRiTAp5MVJXS1M2NFcrS1lDUXRnSXVldFBYQjdkZm5yWHlwNHRER2R5akZWRFhqQ1JvM1JEM1JqUUxPa0U3MzZOT2Z0CnVwWkxFYWQ0eldBM1AwRFpZdlRpb1FvYVNmU0I2WlYySEZXWlNJY2RJUE1xazVnRXN0Z3hqTTNJUHcyTWtwaGUKRkFKSVlPSlN3VHVsYjN5YTdnTGZKR1E9Ci0tLS0tRU5EIENFUlRJRklDQVRFLS0tLS0K"
              }
            ],
            "master_authorized_networks_config": [],
            "master_version": "1.21.9-gke.1002",
            "min_master_version": null,
            "monitoring_config": [
              {
                "enable_components": [
                  "SYSTEM_COMPONENTS"
                ]
              }
            ],
            "monitoring_service": "monitoring.googleapis.com/kubernetes",
            "name": "lokalsi-cluster-1",
            "network": "projects/lokalsi-336415/global/networks/default",
            "network_policy": [
              {
                "enabled": false,
                "provider": "PROVIDER_UNSPECIFIED"
              }
            ],
            "networking_mode": "VPC_NATIVE",
            "node_config": [
              {
                "boot_disk_kms_key": "",
                "disk_size_gb": 100,
                "disk_type": "pd-standard",
                "gcfs_config": [],
                "guest_accelerator": [],
                "gvnic": [],
                "image_type": "COS_CONTAINERD",
                "labels": {},
                "local_ssd_count": 0,
                "machine_type": "e2-medium",
                "metadata": {
                  "disable-legacy-endpoints": "true"
                },
                "min_cpu_platform": "",
                "node_group": "",
                "oauth_scopes": [
                  "https://www.googleapis.com/auth/devstorage.read_only",
                  "https://www.googleapis.com/auth/logging.write",
                  "https://www.googleapis.com/auth/monitoring",
                  "https://www.googleapis.com/auth/service.management.readonly",
                  "https://www.googleapis.com/auth/servicecontrol",
                  "https://www.googleapis.com/auth/trace.append"
                ],
                "preemptible": false,
                "service_account": "default",
                "shielded_instance_config": [
                  {
                    "enable_integrity_monitoring": true,
                    "enable_secure_boot": true
                  }
                ],
                "tags": [],
                "taint": [],
                "workload_metadata_config": [
                  {
                    "mode": "GKE_METADATA"
                  }
                ]
              }
            ],
            "node_locations": [
              "europe-central2-a",
              "europe-central2-b",
              "europe-central2-c"
            ],
            "node_pool": [
              {
                "autoscaling": [
                  {
                    "max_node_count": 1000,
                    "min_node_count": 0
                  }
                ],
                "initial_node_count": 1,
                "instance_group_urls": [],
                "managed_instance_group_urls": [],
                "management": [
                  {
                    "auto_repair": true,
                    "auto_upgrade": true
                  }
                ],
                "max_pods_per_node": 32,
                "name": "default-pool",
                "name_prefix": "",
                "node_config": [
                  {
                    "boot_disk_kms_key": "",
                    "disk_size_gb": 100,
                    "disk_type": "pd-standard",
                    "gcfs_config": [],
                    "guest_accelerator": [],
                    "gvnic": [],
                    "image_type": "COS_CONTAINERD",
                    "labels": {},
                    "local_ssd_count": 0,
                    "machine_type": "e2-medium",
                    "metadata": {
                      "disable-legacy-endpoints": "true"
                    },
                    "min_cpu_platform": "",
                    "node_group": "",
                    "oauth_scopes": [
                      "https://www.googleapis.com/auth/devstorage.read_only",
                      "https://www.googleapis.com/auth/logging.write",
                      "https://www.googleapis.com/auth/monitoring",
                      "https://www.googleapis.com/auth/service.management.readonly",
                      "https://www.googleapis.com/auth/servicecontrol",
                      "https://www.googleapis.com/auth/trace.append"
                    ],
                    "preemptible": false,
                    "service_account": "default",
                    "shielded_instance_config": [
                      {
                        "enable_integrity_monitoring": true,
                        "enable_secure_boot": true
                      }
                    ],
                    "tags": [],
                    "taint": [],
                    "workload_metadata_config": [
                      {
                        "mode": "GKE_METADATA"
                      }
                    ]
                  }
                ],
                "node_count": 0,
                "node_locations": [
                  "europe-central2-a",
                  "europe-central2-b"
                ],
                "upgrade_settings": [
                  {
                    "max_surge": 1,
                    "max_unavailable": 0
                  }
                ],
                "version": "1.21.9-gke.1002"
              }
            ],
            "node_version": "1.21.9-gke.1002",
            "operation": null,
            "private_cluster_config": [],
            "private_ipv6_google_access": "",
            "project": "lokalsi-336415",
            "release_channel": [
              {
                "channel": "REGULAR"
              }
            ],
            "remove_default_node_pool": null,
            "resource_labels": {},
            "resource_usage_export_config": [],
            "self_link": "https://container.googleapis.com/v1/projects/lokalsi-336415/locations/europe-central2/clusters/lokalsi-cluster-1",
            "services_ipv4_cidr": "10.8.128.0/22",
            "subnetwork": "projects/lokalsi-336415/regions/europe-central2/subnetworks/default",
            "timeouts": {
              "create": null,
              "delete": null,
              "read": null,
              "update": null
            },
            "tpu_ipv4_cidr_block": "",
            "vertical_pod_autoscaling": [
              {
                "enabled": true
              }
            ],
            "workload_identity_config": [
              {
                "workload_pool": "lokalsi-336415.svc.id.goog"
              }
            ]
          },
          "sensitive_attributes": [],
          "private": "eyJlMmJmYjczMC1lY2FhLTExZTYtOGY4OC0zNDM2M2JjN2M0YzAiOnsiY3JlYXRlIjoyNDAwMDAwMDAwMDAwLCJkZWxldGUiOjI0MDAwMDAwMDAwMDAsInJlYWQiOjI0MDAwMDAwMDAwMDAsInVwZGF0ZSI6MzYwMDAwMDAwMDAwMH0sInNjaGVtYV92ZXJzaW9uIjoiMSJ9"
        }
      ]
    },
    {
      "mode": "managed",
      "type": "google_project",
      "name": "lokalsi-project",
      "provider": "provider[\"registry.terraform.io/hashicorp/google\"]",
      "instances": [
        {
          "schema_version": 1,
          "attributes": {
            "auto_create_network": true,
            "billing_account": null,
            "folder_id": null,
            "id": "projects/lokalsi-336415",
            "labels": {},
            "name": "lokalsi",
            "number": "750837793901",
            "org_id": null,
            "project_id": "lokalsi-336415",
            "skip_delete": null,
            "timeouts": {
              "create": null,
              "delete": null,
              "read": null,
              "update": null
            }
          },
          "sensitive_attributes": [],
          "private": "eyJlMmJmYjczMC1lY2FhLTExZTYtOGY4OC0zNDM2M2JjN2M0YzAiOnsiY3JlYXRlIjo2MDAwMDAwMDAwMDAsImRlbGV0ZSI6NjAwMDAwMDAwMDAwLCJyZWFkIjo2MDAwMDAwMDAwMDAsInVwZGF0ZSI6NjAwMDAwMDAwMDAwfSwic2NoZW1hX3ZlcnNpb24iOiIxIn0="
        }
      ]
    },
    {
      "mode": "managed",
      "type": "google_project_iam_member",
      "name": "sa-artifactregistry-writer-lokalsi-cicd",
      "provider": "provider[\"registry.terraform.io/hashicorp/google\"]",
      "instances": [
        {
          "schema_version": 0,
          "attributes": {
            "condition": [],
            "etag": "BwXa6CqQov4=",
            "id": "lokalsi-336415/roles/artifactregistry.writer/serviceAccount:lokalsi-cicd-688@lokalsi-336415.iam.gserviceaccount.com",
            "member": "serviceAccount:lokalsi-cicd-688@lokalsi-336415.iam.gserviceaccount.com",
            "project": "lokalsi-336415",
            "role": "roles/artifactregistry.writer"
          },
          "sensitive_attributes": [],
          "private": "eyJzY2hlbWFfdmVyc2lvbiI6IjAifQ==",
          "dependencies": [
            "google_project.lokalsi-project",
            "google_service_account.sa-lokalsi-cicd"
          ]
        }
      ]
    },
    {
      "mode": "managed",
      "type": "google_project_iam_member",
      "name": "sa-compute-instanceadmin-lokalsi-tf",
      "provider": "provider[\"registry.terraform.io/hashicorp/google\"]",
      "instances": [
        {
          "schema_version": 0,
          "attributes": {
            "condition": [],
            "etag": "BwXa6CqQov4=",
            "id": "lokalsi-336415/roles/compute.instanceAdmin.v1/serviceAccount:lokalsi-tf@lokalsi-336415.iam.gserviceaccount.com",
            "member": "serviceAccount:lokalsi-tf@lokalsi-336415.iam.gserviceaccount.com",
            "project": "lokalsi-336415",
            "role": "roles/compute.instanceAdmin.v1"
          },
          "sensitive_attributes": [],
          "private": "eyJzY2hlbWFfdmVyc2lvbiI6IjAifQ==",
          "dependencies": [
            "google_project.lokalsi-project",
            "google_service_account.sa-lokalsi-tf"
          ]
        }
      ]
    },
    {
      "mode": "managed",
      "type": "google_project_iam_member",
      "name": "sa-container-developer-lokalsi-cicd",
      "provider": "provider[\"registry.terraform.io/hashicorp/google\"]",
      "instances": [
        {
          "schema_version": 0,
          "attributes": {
            "condition": [],
            "etag": "BwXa6CqQov4=",
            "id": "lokalsi-336415/roles/container.developer/serviceAccount:lokalsi-cicd-688@lokalsi-336415.iam.gserviceaccount.com",
            "member": "serviceAccount:lokalsi-cicd-688@lokalsi-336415.iam.gserviceaccount.com",
            "project": "lokalsi-336415",
            "role": "roles/container.developer"
          },
          "sensitive_attributes": [],
          "private": "bnVsbA==",
          "dependencies": [
            "google_project.lokalsi-project",
            "google_service_account.sa-lokalsi-cicd"
          ]
        }
      ]
    },
    {
      "mode": "managed",
      "type": "google_project_iam_member",
      "name": "sa-container-developer-lokalsi-tf",
      "provider": "provider[\"registry.terraform.io/hashicorp/google\"]",
      "instances": [
        {
          "schema_version": 0,
          "attributes": {
            "condition": [],
            "etag": "BwXa6CqQov4=",
            "id": "lokalsi-336415/roles/container.developer/serviceAccount:lokalsi-tf@lokalsi-336415.iam.gserviceaccount.com",
            "member": "serviceAccount:lokalsi-tf@lokalsi-336415.iam.gserviceaccount.com",
            "project": "lokalsi-336415",
            "role": "roles/container.developer"
          },
          "sensitive_attributes": [],
          "private": "eyJzY2hlbWFfdmVyc2lvbiI6IjAifQ==",
          "dependencies": [
            "google_project.lokalsi-project",
            "google_service_account.sa-lokalsi-tf"
          ]
        }
      ]
    },
    {
      "mode": "managed",
      "type": "google_project_iam_member",
      "name": "sa-iam-serviceaccountadmin-lokalsi-tf",
      "provider": "provider[\"registry.terraform.io/hashicorp/google\"]",
      "instances": [
        {
          "schema_version": 0,
          "attributes": {
            "condition": [],
            "etag": "BwXa6CqQov4=",
            "id": "lokalsi-336415/roles/iam.serviceAccountAdmin/serviceAccount:lokalsi-tf@lokalsi-336415.iam.gserviceaccount.com",
            "member": "serviceAccount:lokalsi-tf@lokalsi-336415.iam.gserviceaccount.com",
            "project": "lokalsi-336415",
            "role": "roles/iam.serviceAccountAdmin"
          },
          "sensitive_attributes": [],
          "private": "eyJzY2hlbWFfdmVyc2lvbiI6IjAifQ==",
          "dependencies": [
            "google_project.lokalsi-project",
            "google_service_account.sa-lokalsi-tf"
          ]
        }
      ]
    },
    {
      "mode": "managed",
      "type": "google_project_iam_member",
      "name": "sa-resourcemanager-projectiamadmin-lokalsi-tf",
      "provider": "provider[\"registry.terraform.io/hashicorp/google\"]",
      "instances": [
        {
          "schema_version": 0,
          "attributes": {
            "condition": [],
            "etag": "BwXa6CqQov4=",
            "id": "lokalsi-336415/roles/resourcemanager.projectIamAdmin/serviceAccount:lokalsi-tf@lokalsi-336415.iam.gserviceaccount.com",
            "member": "serviceAccount:lokalsi-tf@lokalsi-336415.iam.gserviceaccount.com",
            "project": "lokalsi-336415",
            "role": "roles/resourcemanager.projectIamAdmin"
          },
          "sensitive_attributes": [],
          "private": "eyJzY2hlbWFfdmVyc2lvbiI6IjAifQ==",
          "dependencies": [
            "google_project.lokalsi-project",
            "google_service_account.sa-lokalsi-tf"
          ]
        }
      ]
    },
    {
      "mode": "managed",
      "type": "google_service_account",
      "name": "sa-lokalsi-cicd",
      "provider": "provider[\"registry.terraform.io/hashicorp/google\"]",
      "instances": [
        {
          "schema_version": 0,
          "attributes": {
            "account_id": "lokalsi-cicd-688",
            "description": "CI/CD Service Account",
            "disabled": false,
            "display_name": "lokalsi-cicd",
            "email": "lokalsi-cicd-688@lokalsi-336415.iam.gserviceaccount.com",
            "id": "projects/lokalsi-336415/serviceAccounts/lokalsi-cicd-688@lokalsi-336415.iam.gserviceaccount.com",
            "name": "projects/lokalsi-336415/serviceAccounts/lokalsi-cicd-688@lokalsi-336415.iam.gserviceaccount.com",
            "project": "lokalsi-336415",
            "timeouts": {
              "create": null
            },
            "unique_id": "116299859927531669459"
          },
          "sensitive_attributes": [],
          "private": "eyJlMmJmYjczMC1lY2FhLTExZTYtOGY4OC0zNDM2M2JjN2M0YzAiOnsiY3JlYXRlIjozMDAwMDAwMDAwMDB9fQ=="
        }
      ]
    },
    {
      "mode": "managed",
      "type": "google_service_account",
      "name": "sa-lokalsi-tf",
      "provider": "provider[\"registry.terraform.io/hashicorp/google\"]",
      "instances": [
        {
          "schema_version": 0,
          "attributes": {
            "account_id": "lokalsi-tf",
            "description": "Terraform Service Account",
            "disabled": false,
            "display_name": "lokalsi-tf",
            "email": "lokalsi-tf@lokalsi-336415.iam.gserviceaccount.com",
            "id": "projects/lokalsi-336415/serviceAccounts/lokalsi-tf@lokalsi-336415.iam.gserviceaccount.com",
            "name": "projects/lokalsi-336415/serviceAccounts/lokalsi-tf@lokalsi-336415.iam.gserviceaccount.com",
            "project": "lokalsi-336415",
            "timeouts": {
              "create": null
            },
            "unique_id": "100900349967520969752"
          },
          "sensitive_attributes": [],
          "private": "eyJlMmJmYjczMC1lY2FhLTExZTYtOGY4OC0zNDM2M2JjN2M0YzAiOnsiY3JlYXRlIjozMDAwMDAwMDAwMDB9LCJzY2hlbWFfdmVyc2lvbiI6IjAifQ=="
        }
      ]
    }
  ]
}
